
Microsoft Visual Studio Solution File, Format Version 12.00
# Visual Studio Version 16
VisualStudioVersion = 16.0.30128.74
MinimumVisualStudioVersion = 10.0.40219.1
Project("{8BC9CEB8-8B4A-11D0-8D11-00A0C91BC942}") = "CPlusLearn", "CPlusLearn\CPlusLearn.vcxproj", "{52EEB46F-7BD8-4732-BE96-D40E200BF913}"
	ProjectSection(ProjectDependencies) = postProject
		{C552F4AC-F693-42BF-8F64-1883403F3BDD} = {C552F4AC-F693-42BF-8F64-1883403F3BDD}
	EndProjectSection
EndProject
Project("{8BC9CEB8-8B4A-11D0-8D11-00A0C91BC942}") = "str_learn", "str_learn\str_learn.vcxproj", "{089AAD03-0663-426D-8F9D-1A0E639F4BED}"
EndProject
Project("{8BC9CEB8-8B4A-11D0-8D11-00A0C91BC942}") = "ReadWriteMetex", "ReadWriteMetex\ReadWriteMetex.vcxproj", "{0D329266-C5C2-464E-B37B-1AB8ECC88047}"
EndProject
Project("{8BC9CEB8-8B4A-11D0-8D11-00A0C91BC942}") = "Common", "Common\Common.vcxproj", "{C552F4AC-F693-42BF-8F64-1883403F3BDD}"
EndProject
Project("{8BC9CEB8-8B4A-11D0-8D11-00A0C91BC942}") = "STLFuture", "STLFuture\STLFuture.vcxproj", "{D616672D-66D4-4828-A645-51F7C60C29EE}"
EndProject
Project("{8BC9CEB8-8B4A-11D0-8D11-00A0C91BC942}") = "CsvfileAnalyze", "CsvfileAnalyze\CsvfileAnalyze.vcxproj", "{A0239A4A-FD23-45A5-AB07-655C09D33045}"
EndProject
Project("{8BC9CEB8-8B4A-11D0-8D11-00A0C91BC942}") = "TemplateInterFace", "TemplateInterFace\TemplateInterFace.vcxproj", "{E7A52F6A-BFA2-456F-89D6-8767E3444D96}"
EndProject
Project("{8BC9CEB8-8B4A-11D0-8D11-00A0C91BC942}") = "TcpConnect", "TcpConnect\TcpConnect.vcxproj", "{9E941728-93FD-49A6-9FEF-65001682D9B3}"
EndProject
Project("{8BC9CEB8-8B4A-11D0-8D11-00A0C91BC942}") = "InterfaceLearn", "InterfaceLearn\InterfaceLearn.vcxproj", "{6F8CD733-59DC-4A41-BD6E-2E80D23A6295}"
EndProject
Project("{8BC9CEB8-8B4A-11D0-8D11-00A0C91BC942}") = "SignalLearn", "SignalLearn\SignalLearn.vcxproj", "{0FBC1FE5-FFE0-4C0A-9988-CB0DB0C26F98}"
EndProject
Global
	GlobalSection(SolutionConfigurationPlatforms) = preSolution
		Debug|ARM = Debug|ARM
		Debug|ARM64 = Debug|ARM64
		Debug|x64 = Debug|x64
		Debug|x86 = Debug|x86
		Release|ARM = Release|ARM
		Release|ARM64 = Release|ARM64
		Release|x64 = Release|x64
		Release|x86 = Release|x86
	EndGlobalSection
	GlobalSection(ProjectConfigurationPlatforms) = postSolution
		{52EEB46F-7BD8-4732-BE96-D40E200BF913}.Debug|ARM.ActiveCfg = Debug|ARM
		{52EEB46F-7BD8-4732-BE96-D40E200BF913}.Debug|ARM.Build.0 = Debug|ARM
		{52EEB46F-7BD8-4732-BE96-D40E200BF913}.Debug|ARM.Deploy.0 = Debug|ARM
		{52EEB46F-7BD8-4732-BE96-D40E200BF913}.Debug|ARM64.ActiveCfg = Debug|ARM64
		{52EEB46F-7BD8-4732-BE96-D40E200BF913}.Debug|ARM64.Build.0 = Debug|ARM64
		{52EEB46F-7BD8-4732-BE96-D40E200BF913}.Debug|ARM64.Deploy.0 = Debug|ARM64
		{52EEB46F-7BD8-4732-BE96-D40E200BF913}.Debug|x64.ActiveCfg = Debug|x64
		{52EEB46F-7BD8-4732-BE96-D40E200BF913}.Debug|x64.Build.0 = Debug|x64
		{52EEB46F-7BD8-4732-BE96-D40E200BF913}.Debug|x64.Deploy.0 = Debug|x64
		{52EEB46F-7BD8-4732-BE96-D40E200BF913}.Debug|x86.ActiveCfg = Debug|x86
		{52EEB46F-7BD8-4732-BE96-D40E200BF913}.Debug|x86.Build.0 = Debug|x86
		{52EEB46F-7BD8-4732-BE96-D40E200BF913}.Debug|x86.Deploy.0 = Debug|x86
		{52EEB46F-7BD8-4732-BE96-D40E200BF913}.Release|ARM.ActiveCfg = Release|ARM
		{52EEB46F-7BD8-4732-BE96-D40E200BF913}.Release|ARM.Build.0 = Release|ARM
		{52EEB46F-7BD8-4732-BE96-D40E200BF913}.Release|ARM.Deploy.0 = Release|ARM
		{52EEB46F-7BD8-4732-BE96-D40E200BF913}.Release|ARM64.ActiveCfg = Release|ARM64
		{52EEB46F-7BD8-4732-BE96-D40E200BF913}.Release|ARM64.Build.0 = Release|ARM64
		{52EEB46F-7BD8-4732-BE96-D40E200BF913}.Release|ARM64.Deploy.0 = Release|ARM64
		{52EEB46F-7BD8-4732-BE96-D40E200BF913}.Release|x64.ActiveCfg = Release|x64
		{52EEB46F-7BD8-4732-BE96-D40E200BF913}.Release|x64.Build.0 = Release|x64
		{52EEB46F-7BD8-4732-BE96-D40E200BF913}.Release|x64.Deploy.0 = Release|x64
		{52EEB46F-7BD8-4732-BE96-D40E200BF913}.Release|x86.ActiveCfg = Release|x86
		{52EEB46F-7BD8-4732-BE96-D40E200BF913}.Release|x86.Build.0 = Release|x86
		{52EEB46F-7BD8-4732-BE96-D40E200BF913}.Release|x86.Deploy.0 = Release|x86
		{089AAD03-0663-426D-8F9D-1A0E639F4BED}.Debug|ARM.ActiveCfg = Debug|ARM
		{089AAD03-0663-426D-8F9D-1A0E639F4BED}.Debug|ARM.Build.0 = Debug|ARM
		{089AAD03-0663-426D-8F9D-1A0E639F4BED}.Debug|ARM.Deploy.0 = Debug|ARM
		{089AAD03-0663-426D-8F9D-1A0E639F4BED}.Debug|ARM64.ActiveCfg = Debug|ARM64
		{089AAD03-0663-426D-8F9D-1A0E639F4BED}.Debug|ARM64.Build.0 = Debug|ARM64
		{089AAD03-0663-426D-8F9D-1A0E639F4BED}.Debug|ARM64.Deploy.0 = Debug|ARM64
		{089AAD03-0663-426D-8F9D-1A0E639F4BED}.Debug|x64.ActiveCfg = Debug|x64
		{089AAD03-0663-426D-8F9D-1A0E639F4BED}.Debug|x64.Build.0 = Debug|x64
		{089AAD03-0663-426D-8F9D-1A0E639F4BED}.Debug|x64.Deploy.0 = Debug|x64
		{089AAD03-0663-426D-8F9D-1A0E639F4BED}.Debug|x86.ActiveCfg = Debug|x86
		{089AAD03-0663-426D-8F9D-1A0E639F4BED}.Debug|x86.Build.0 = Debug|x86
		{089AAD03-0663-426D-8F9D-1A0E639F4BED}.Debug|x86.Deploy.0 = Debug|x86
		{089AAD03-0663-426D-8F9D-1A0E639F4BED}.Release|ARM.ActiveCfg = Release|ARM
		{089AAD03-0663-426D-8F9D-1A0E639F4BED}.Release|ARM.Build.0 = Release|ARM
		{089AAD03-0663-426D-8F9D-1A0E639F4BED}.Release|ARM.Deploy.0 = Release|ARM
		{089AAD03-0663-426D-8F9D-1A0E639F4BED}.Release|ARM64.ActiveCfg = Release|ARM64
		{089AAD03-0663-426D-8F9D-1A0E639F4BED}.Release|ARM64.Build.0 = Release|ARM64
		{089AAD03-0663-426D-8F9D-1A0E639F4BED}.Release|ARM64.Deploy.0 = Release|ARM64
		{089AAD03-0663-426D-8F9D-1A0E639F4BED}.Release|x64.ActiveCfg = Release|x64
		{089AAD03-0663-426D-8F9D-1A0E639F4BED}.Release|x64.Build.0 = Release|x64
		{089AAD03-0663-426D-8F9D-1A0E639F4BED}.Release|x64.Deploy.0 = Release|x64
		{089AAD03-0663-426D-8F9D-1A0E639F4BED}.Release|x86.ActiveCfg = Release|x86
		{089AAD03-0663-426D-8F9D-1A0E639F4BED}.Release|x86.Build.0 = Release|x86
		{089AAD03-0663-426D-8F9D-1A0E639F4BED}.Release|x86.Deploy.0 = Release|x86
		{0D329266-C5C2-464E-B37B-1AB8ECC88047}.Debug|ARM.ActiveCfg = Debug|ARM
		{0D329266-C5C2-464E-B37B-1AB8ECC88047}.Debug|ARM.Build.0 = Debug|ARM
		{0D329266-C5C2-464E-B37B-1AB8ECC88047}.Debug|ARM.Deploy.0 = Debug|ARM
		{0D329266-C5C2-464E-B37B-1AB8ECC88047}.Debug|ARM64.ActiveCfg = Debug|ARM64
		{0D329266-C5C2-464E-B37B-1AB8ECC88047}.Debug|ARM64.Build.0 = Debug|ARM64
		{0D329266-C5C2-464E-B37B-1AB8ECC88047}.Debug|ARM64.Deploy.0 = Debug|ARM64
		{0D329266-C5C2-464E-B37B-1AB8ECC88047}.Debug|x64.ActiveCfg = Debug|x64
		{0D329266-C5C2-464E-B37B-1AB8ECC88047}.Debug|x64.Build.0 = Debug|x64
		{0D329266-C5C2-464E-B37B-1AB8ECC88047}.Debug|x64.Deploy.0 = Debug|x64
		{0D329266-C5C2-464E-B37B-1AB8ECC88047}.Debug|x86.ActiveCfg = Debug|x86
		{0D329266-C5C2-464E-B37B-1AB8ECC88047}.Debug|x86.Build.0 = Debug|x86
		{0D329266-C5C2-464E-B37B-1AB8ECC88047}.Debug|x86.Deploy.0 = Debug|x86
		{0D329266-C5C2-464E-B37B-1AB8ECC88047}.Release|ARM.ActiveCfg = Release|ARM
		{0D329266-C5C2-464E-B37B-1AB8ECC88047}.Release|ARM.Build.0 = Release|ARM
		{0D329266-C5C2-464E-B37B-1AB8ECC88047}.Release|ARM.Deploy.0 = Release|ARM
		{0D329266-C5C2-464E-B37B-1AB8ECC88047}.Release|ARM64.ActiveCfg = Release|ARM64
		{0D329266-C5C2-464E-B37B-1AB8ECC88047}.Release|ARM64.Build.0 = Release|ARM64
		{0D329266-C5C2-464E-B37B-1AB8ECC88047}.Release|ARM64.Deploy.0 = Release|ARM64
		{0D329266-C5C2-464E-B37B-1AB8ECC88047}.Release|x64.ActiveCfg = Release|x64
		{0D329266-C5C2-464E-B37B-1AB8ECC88047}.Release|x64.Build.0 = Release|x64
		{0D329266-C5C2-464E-B37B-1AB8ECC88047}.Release|x64.Deploy.0 = Release|x64
		{0D329266-C5C2-464E-B37B-1AB8ECC88047}.Release|x86.ActiveCfg = Release|x86
		{0D329266-C5C2-464E-B37B-1AB8ECC88047}.Release|x86.Build.0 = Release|x86
		{0D329266-C5C2-464E-B37B-1AB8ECC88047}.Release|x86.Deploy.0 = Release|x86
		{C552F4AC-F693-42BF-8F64-1883403F3BDD}.Debug|ARM.ActiveCfg = Debug|ARM
		{C552F4AC-F693-42BF-8F64-1883403F3BDD}.Debug|ARM.Build.0 = Debug|ARM
		{C552F4AC-F693-42BF-8F64-1883403F3BDD}.Debug|ARM.Deploy.0 = Debug|ARM
		{C552F4AC-F693-42BF-8F64-1883403F3BDD}.Debug|ARM64.ActiveCfg = Debug|ARM64
		{C552F4AC-F693-42BF-8F64-1883403F3BDD}.Debug|ARM64.Build.0 = Debug|ARM64
		{C552F4AC-F693-42BF-8F64-1883403F3BDD}.Debug|ARM64.Deploy.0 = Debug|ARM64
		{C552F4AC-F693-42BF-8F64-1883403F3BDD}.Debug|x64.ActiveCfg = Debug|x64
		{C552F4AC-F693-42BF-8F64-1883403F3BDD}.Debug|x64.Build.0 = Debug|x64
		{C552F4AC-F693-42BF-8F64-1883403F3BDD}.Debug|x64.Deploy.0 = Debug|x64
		{C552F4AC-F693-42BF-8F64-1883403F3BDD}.Debug|x86.ActiveCfg = Debug|x86
		{C552F4AC-F693-42BF-8F64-1883403F3BDD}.Debug|x86.Build.0 = Debug|x86
		{C552F4AC-F693-42BF-8F64-1883403F3BDD}.Debug|x86.Deploy.0 = Debug|x86
		{C552F4AC-F693-42BF-8F64-1883403F3BDD}.Release|ARM.ActiveCfg = Release|ARM
		{C552F4AC-F693-42BF-8F64-1883403F3BDD}.Release|ARM.Build.0 = Release|ARM
		{C552F4AC-F693-42BF-8F64-1883403F3BDD}.Release|ARM.Deploy.0 = Release|ARM
		{C552F4AC-F693-42BF-8F64-1883403F3BDD}.Release|ARM64.ActiveCfg = Release|ARM64
		{C552F4AC-F693-42BF-8F64-1883403F3BDD}.Release|ARM64.Build.0 = Release|ARM64
		{C552F4AC-F693-42BF-8F64-1883403F3BDD}.Release|ARM64.Deploy.0 = Release|ARM64
		{C552F4AC-F693-42BF-8F64-1883403F3BDD}.Release|x64.ActiveCfg = Release|x64
		{C552F4AC-F693-42BF-8F64-1883403F3BDD}.Release|x64.Build.0 = Release|x64
		{C552F4AC-F693-42BF-8F64-1883403F3BDD}.Release|x64.Deploy.0 = Release|x64
		{C552F4AC-F693-42BF-8F64-1883403F3BDD}.Release|x86.ActiveCfg = Release|x86
		{C552F4AC-F693-42BF-8F64-1883403F3BDD}.Release|x86.Build.0 = Release|x86
		{C552F4AC-F693-42BF-8F64-1883403F3BDD}.Release|x86.Deploy.0 = Release|x86
		{D616672D-66D4-4828-A645-51F7C60C29EE}.Debug|ARM.ActiveCfg = Debug|ARM
		{D616672D-66D4-4828-A645-51F7C60C29EE}.Debug|ARM.Build.0 = Debug|ARM
		{D616672D-66D4-4828-A645-51F7C60C29EE}.Debug|ARM.Deploy.0 = Debug|ARM
		{D616672D-66D4-4828-A645-51F7C60C29EE}.Debug|ARM64.ActiveCfg = Debug|ARM64
		{D616672D-66D4-4828-A645-51F7C60C29EE}.Debug|ARM64.Build.0 = Debug|ARM64
		{D616672D-66D4-4828-A645-51F7C60C29EE}.Debug|ARM64.Deploy.0 = Debug|ARM64
		{D616672D-66D4-4828-A645-51F7C60C29EE}.Debug|x64.ActiveCfg = Debug|x64
		{D616672D-66D4-4828-A645-51F7C60C29EE}.Debug|x64.Build.0 = Debug|x64
		{D616672D-66D4-4828-A645-51F7C60C29EE}.Debug|x64.Deploy.0 = Debug|x64
		{D616672D-66D4-4828-A645-51F7C60C29EE}.Debug|x86.ActiveCfg = Debug|x86
		{D616672D-66D4-4828-A645-51F7C60C29EE}.Debug|x86.Build.0 = Debug|x86
		{D616672D-66D4-4828-A645-51F7C60C29EE}.Debug|x86.Deploy.0 = Debug|x86
		{D616672D-66D4-4828-A645-51F7C60C29EE}.Release|ARM.ActiveCfg = Release|ARM
		{D616672D-66D4-4828-A645-51F7C60C29EE}.Release|ARM.Build.0 = Release|ARM
		{D616672D-66D4-4828-A645-51F7C60C29EE}.Release|ARM.Deploy.0 = Release|ARM
		{D616672D-66D4-4828-A645-51F7C60C29EE}.Release|ARM64.ActiveCfg = Release|ARM64
		{D616672D-66D4-4828-A645-51F7C60C29EE}.Release|ARM64.Build.0 = Release|ARM64
		{D616672D-66D4-4828-A645-51F7C60C29EE}.Release|ARM64.Deploy.0 = Release|ARM64
		{D616672D-66D4-4828-A645-51F7C60C29EE}.Release|x64.ActiveCfg = Release|x64
		{D616672D-66D4-4828-A645-51F7C60C29EE}.Release|x64.Build.0 = Release|x64
		{D616672D-66D4-4828-A645-51F7C60C29EE}.Release|x64.Deploy.0 = Release|x64
		{D616672D-66D4-4828-A645-51F7C60C29EE}.Release|x86.ActiveCfg = Release|x86
		{D616672D-66D4-4828-A645-51F7C60C29EE}.Release|x86.Build.0 = Release|x86
		{D616672D-66D4-4828-A645-51F7C60C29EE}.Release|x86.Deploy.0 = Release|x86
		{A0239A4A-FD23-45A5-AB07-655C09D33045}.Debug|ARM.ActiveCfg = Debug|ARM
		{A0239A4A-FD23-45A5-AB07-655C09D33045}.Debug|ARM.Build.0 = Debug|ARM
		{A0239A4A-FD23-45A5-AB07-655C09D33045}.Debug|ARM.Deploy.0 = Debug|ARM
		{A0239A4A-FD23-45A5-AB07-655C09D33045}.Debug|ARM64.ActiveCfg = Debug|ARM64
		{A0239A4A-FD23-45A5-AB07-655C09D33045}.Debug|ARM64.Build.0 = Debug|ARM64
		{A0239A4A-FD23-45A5-AB07-655C09D33045}.Debug|ARM64.Deploy.0 = Debug|ARM64
		{A0239A4A-FD23-45A5-AB07-655C09D33045}.Debug|x64.ActiveCfg = Debug|x64
		{A0239A4A-FD23-45A5-AB07-655C09D33045}.Debug|x64.Build.0 = Debug|x64
		{A0239A4A-FD23-45A5-AB07-655C09D33045}.Debug|x64.Deploy.0 = Debug|x64
		{A0239A4A-FD23-45A5-AB07-655C09D33045}.Debug|x86.ActiveCfg = Debug|x86
		{A0239A4A-FD23-45A5-AB07-655C09D33045}.Debug|x86.Build.0 = Debug|x86
		{A0239A4A-FD23-45A5-AB07-655C09D33045}.Debug|x86.Deploy.0 = Debug|x86
		{A0239A4A-FD23-45A5-AB07-655C09D33045}.Release|ARM.ActiveCfg = Release|ARM
		{A0239A4A-FD23-45A5-AB07-655C09D33045}.Release|ARM.Build.0 = Release|ARM
		{A0239A4A-FD23-45A5-AB07-655C09D33045}.Release|ARM.Deploy.0 = Release|ARM
		{A0239A4A-FD23-45A5-AB07-655C09D33045}.Release|ARM64.ActiveCfg = Release|ARM64
		{A0239A4A-FD23-45A5-AB07-655C09D33045}.Release|ARM64.Build.0 = Release|ARM64
		{A0239A4A-FD23-45A5-AB07-655C09D33045}.Release|ARM64.Deploy.0 = Release|ARM64
		{A0239A4A-FD23-45A5-AB07-655C09D33045}.Release|x64.ActiveCfg = Release|x64
		{A0239A4A-FD23-45A5-AB07-655C09D33045}.Release|x64.Build.0 = Release|x64
		{A0239A4A-FD23-45A5-AB07-655C09D33045}.Release|x64.Deploy.0 = Release|x64
		{A0239A4A-FD23-45A5-AB07-655C09D33045}.Release|x86.ActiveCfg = Release|x86
		{A0239A4A-FD23-45A5-AB07-655C09D33045}.Release|x86.Build.0 = Release|x86
		{A0239A4A-FD23-45A5-AB07-655C09D33045}.Release|x86.Deploy.0 = Release|x86
		{E7A52F6A-BFA2-456F-89D6-8767E3444D96}.Debug|ARM.ActiveCfg = Debug|ARM
		{E7A52F6A-BFA2-456F-89D6-8767E3444D96}.Debug|ARM.Build.0 = Debug|ARM
		{E7A52F6A-BFA2-456F-89D6-8767E3444D96}.Debug|ARM.Deploy.0 = Debug|ARM
		{E7A52F6A-BFA2-456F-89D6-8767E3444D96}.Debug|ARM64.ActiveCfg = Debug|ARM64
		{E7A52F6A-BFA2-456F-89D6-8767E3444D96}.Debug|ARM64.Build.0 = Debug|ARM64
		{E7A52F6A-BFA2-456F-89D6-8767E3444D96}.Debug|ARM64.Deploy.0 = Debug|ARM64
		{E7A52F6A-BFA2-456F-89D6-8767E3444D96}.Debug|x64.ActiveCfg = Debug|x64
		{E7A52F6A-BFA2-456F-89D6-8767E3444D96}.Debug|x64.Build.0 = Debug|x64
		{E7A52F6A-BFA2-456F-89D6-8767E3444D96}.Debug|x64.Deploy.0 = Debug|x64
		{E7A52F6A-BFA2-456F-89D6-8767E3444D96}.Debug|x86.ActiveCfg = Debug|x86
		{E7A52F6A-BFA2-456F-89D6-8767E3444D96}.Debug|x86.Build.0 = Debug|x86
		{E7A52F6A-BFA2-456F-89D6-8767E3444D96}.Debug|x86.Deploy.0 = Debug|x86
		{E7A52F6A-BFA2-456F-89D6-8767E3444D96}.Release|ARM.ActiveCfg = Release|ARM
		{E7A52F6A-BFA2-456F-89D6-8767E3444D96}.Release|ARM.Build.0 = Release|ARM
		{E7A52F6A-BFA2-456F-89D6-8767E3444D96}.Release|ARM.Deploy.0 = Release|ARM
		{E7A52F6A-BFA2-456F-89D6-8767E3444D96}.Release|ARM64.ActiveCfg = Release|ARM64
		{E7A52F6A-BFA2-456F-89D6-8767E3444D96}.Release|ARM64.Build.0 = Release|ARM64
		{E7A52F6A-BFA2-456F-89D6-8767E3444D96}.Release|ARM64.Deploy.0 = Release|ARM64
		{E7A52F6A-BFA2-456F-89D6-8767E3444D96}.Release|x64.ActiveCfg = Release|x64
		{E7A52F6A-BFA2-456F-89D6-8767E3444D96}.Release|x64.Build.0 = Release|x64
		{E7A52F6A-BFA2-456F-89D6-8767E3444D96}.Release|x64.Deploy.0 = Release|x64
		{E7A52F6A-BFA2-456F-89D6-8767E3444D96}.Release|x86.ActiveCfg = Release|x86
		{E7A52F6A-BFA2-456F-89D6-8767E3444D96}.Release|x86.Build.0 = Release|x86
		{E7A52F6A-BFA2-456F-89D6-8767E3444D96}.Release|x86.Deploy.0 = Release|x86
		{9E941728-93FD-49A6-9FEF-65001682D9B3}.Debug|ARM.ActiveCfg = Debug|ARM
		{9E941728-93FD-49A6-9FEF-65001682D9B3}.Debug|ARM.Build.0 = Debug|ARM
		{9E941728-93FD-49A6-9FEF-65001682D9B3}.Debug|ARM.Deploy.0 = Debug|ARM
		{9E941728-93FD-49A6-9FEF-65001682D9B3}.Debug|ARM64.ActiveCfg = Debug|ARM64
		{9E941728-93FD-49A6-9FEF-65001682D9B3}.Debug|ARM64.Build.0 = Debug|ARM64
		{9E941728-93FD-49A6-9FEF-65001682D9B3}.Debug|ARM64.Deploy.0 = Debug|ARM64
		{9E941728-93FD-49A6-9FEF-65001682D9B3}.Debug|x64.ActiveCfg = Debug|x64
		{9E941728-93FD-49A6-9FEF-65001682D9B3}.Debug|x64.Build.0 = Debug|x64
		{9E941728-93FD-49A6-9FEF-65001682D9B3}.Debug|x64.Deploy.0 = Debug|x64
		{9E941728-93FD-49A6-9FEF-65001682D9B3}.Debug|x86.ActiveCfg = Debug|x86
		{9E941728-93FD-49A6-9FEF-65001682D9B3}.Debug|x86.Build.0 = Debug|x86
		{9E941728-93FD-49A6-9FEF-65001682D9B3}.Debug|x86.Deploy.0 = Debug|x86
		{9E941728-93FD-49A6-9FEF-65001682D9B3}.Release|ARM.ActiveCfg = Release|ARM
		{9E941728-93FD-49A6-9FEF-65001682D9B3}.Release|ARM.Build.0 = Release|ARM
		{9E941728-93FD-49A6-9FEF-65001682D9B3}.Release|ARM.Deploy.0 = Release|ARM
		{9E941728-93FD-49A6-9FEF-65001682D9B3}.Release|ARM64.ActiveCfg = Release|ARM64
		{9E941728-93FD-49A6-9FEF-65001682D9B3}.Release|ARM64.Build.0 = Release|ARM64
		{9E941728-93FD-49A6-9FEF-65001682D9B3}.Release|ARM64.Deploy.0 = Release|ARM64
		{9E941728-93FD-49A6-9FEF-65001682D9B3}.Release|x64.ActiveCfg = Release|x64
		{9E941728-93FD-49A6-9FEF-65001682D9B3}.Release|x64.Build.0 = Release|x64
		{9E941728-93FD-49A6-9FEF-65001682D9B3}.Release|x64.Deploy.0 = Release|x64
		{9E941728-93FD-49A6-9FEF-65001682D9B3}.Release|x86.ActiveCfg = Release|x86
		{9E941728-93FD-49A6-9FEF-65001682D9B3}.Release|x86.Build.0 = Release|x86
		{9E941728-93FD-49A6-9FEF-65001682D9B3}.Release|x86.Deploy.0 = Release|x86
		{6F8CD733-59DC-4A41-BD6E-2E80D23A6295}.Debug|ARM.ActiveCfg = Debug|ARM
		{6F8CD733-59DC-4A41-BD6E-2E80D23A6295}.Debug|ARM.Build.0 = Debug|ARM
		{6F8CD733-59DC-4A41-BD6E-2E80D23A6295}.Debug|ARM.Deploy.0 = Debug|ARM
		{6F8CD733-59DC-4A41-BD6E-2E80D23A6295}.Debug|ARM64.ActiveCfg = Debug|ARM64
		{6F8CD733-59DC-4A41-BD6E-2E80D23A6295}.Debug|ARM64.Build.0 = Debug|ARM64
		{6F8CD733-59DC-4A41-BD6E-2E80D23A6295}.Debug|ARM64.Deploy.0 = Debug|ARM64
		{6F8CD733-59DC-4A41-BD6E-2E80D23A6295}.Debug|x64.ActiveCfg = Debug|x64
		{6F8CD733-59DC-4A41-BD6E-2E80D23A6295}.Debug|x64.Build.0 = Debug|x64
		{6F8CD733-59DC-4A41-BD6E-2E80D23A6295}.Debug|x64.Deploy.0 = Debug|x64
		{6F8CD733-59DC-4A41-BD6E-2E80D23A6295}.Debug|x86.ActiveCfg = Debug|x86
		{6F8CD733-59DC-4A41-BD6E-2E80D23A6295}.Debug|x86.Build.0 = Debug|x86
		{6F8CD733-59DC-4A41-BD6E-2E80D23A6295}.Debug|x86.Deploy.0 = Debug|x86
		{6F8CD733-59DC-4A41-BD6E-2E80D23A6295}.Release|ARM.ActiveCfg = Release|ARM
		{6F8CD733-59DC-4A41-BD6E-2E80D23A6295}.Release|ARM.Build.0 = Release|ARM
		{6F8CD733-59DC-4A41-BD6E-2E80D23A6295}.Release|ARM.Deploy.0 = Release|ARM
		{6F8CD733-59DC-4A41-BD6E-2E80D23A6295}.Release|ARM64.ActiveCfg = Release|ARM64
		{6F8CD733-59DC-4A41-BD6E-2E80D23A6295}.Release|ARM64.Build.0 = Release|ARM64
		{6F8CD733-59DC-4A41-BD6E-2E80D23A6295}.Release|ARM64.Deploy.0 = Release|ARM64
		{6F8CD733-59DC-4A41-BD6E-2E80D23A6295}.Release|x64.ActiveCfg = Release|x64
		{6F8CD733-59DC-4A41-BD6E-2E80D23A6295}.Release|x64.Build.0 = Release|x64
		{6F8CD733-59DC-4A41-BD6E-2E80D23A6295}.Release|x64.Deploy.0 = Release|x64
		{6F8CD733-59DC-4A41-BD6E-2E80D23A6295}.Release|x86.ActiveCfg = Release|x86
		{6F8CD733-59DC-4A41-BD6E-2E80D23A6295}.Release|x86.Build.0 = Release|x86
		{6F8CD733-59DC-4A41-BD6E-2E80D23A6295}.Release|x86.Deploy.0 = Release|x86
		{0FBC1FE5-FFE0-4C0A-9988-CB0DB0C26F98}.Debug|ARM.ActiveCfg = Debug|ARM
		{0FBC1FE5-FFE0-4C0A-9988-CB0DB0C26F98}.Debug|ARM.Build.0 = Debug|ARM
		{0FBC1FE5-FFE0-4C0A-9988-CB0DB0C26F98}.Debug|ARM.Deploy.0 = Debug|ARM
		{0FBC1FE5-FFE0-4C0A-9988-CB0DB0C26F98}.Debug|ARM64.ActiveCfg = Debug|ARM64
		{0FBC1FE5-FFE0-4C0A-9988-CB0DB0C26F98}.Debug|ARM64.Build.0 = Debug|ARM64
		{0FBC1FE5-FFE0-4C0A-9988-CB0DB0C26F98}.Debug|ARM64.Deploy.0 = Debug|ARM64
		{0FBC1FE5-FFE0-4C0A-9988-CB0DB0C26F98}.Debug|x64.ActiveCfg = Debug|x64
		{0FBC1FE5-FFE0-4C0A-9988-CB0DB0C26F98}.Debug|x64.Build.0 = Debug|x64
		{0FBC1FE5-FFE0-4C0A-9988-CB0DB0C26F98}.Debug|x64.Deploy.0 = Debug|x64
		{0FBC1FE5-FFE0-4C0A-9988-CB0DB0C26F98}.Debug|x86.ActiveCfg = Debug|x86
		{0FBC1FE5-FFE0-4C0A-9988-CB0DB0C26F98}.Debug|x86.Build.0 = Debug|x86
		{0FBC1FE5-FFE0-4C0A-9988-CB0DB0C26F98}.Debug|x86.Deploy.0 = Debug|x86
		{0FBC1FE5-FFE0-4C0A-9988-CB0DB0C26F98}.Release|ARM.ActiveCfg = Release|ARM
		{0FBC1FE5-FFE0-4C0A-9988-CB0DB0C26F98}.Release|ARM.Build.0 = Release|ARM
		{0FBC1FE5-FFE0-4C0A-9988-CB0DB0C26F98}.Release|ARM.Deploy.0 = Release|ARM
		{0FBC1FE5-FFE0-4C0A-9988-CB0DB0C26F98}.Release|ARM64.ActiveCfg = Release|ARM64
		{0FBC1FE5-FFE0-4C0A-9988-CB0DB0C26F98}.Release|ARM64.Build.0 = Release|ARM64
		{0FBC1FE5-FFE0-4C0A-9988-CB0DB0C26F98}.Release|ARM64.Deploy.0 = Release|ARM64
		{0FBC1FE5-FFE0-4C0A-9988-CB0DB0C26F98}.Release|x64.ActiveCfg = Release|x64
		{0FBC1FE5-FFE0-4C0A-9988-CB0DB0C26F98}.Release|x64.Build.0 = Release|x64
		{0FBC1FE5-FFE0-4C0A-9988-CB0DB0C26F98}.Release|x64.Deploy.0 = Release|x64
		{0FBC1FE5-FFE0-4C0A-9988-CB0DB0C26F98}.Release|x86.ActiveCfg = Release|x86
		{0FBC1FE5-FFE0-4C0A-9988-CB0DB0C26F98}.Release|x86.Build.0 = Release|x86
		{0FBC1FE5-FFE0-4C0A-9988-CB0DB0C26F98}.Release|x86.Deploy.0 = Release|x86
	EndGlobalSection
	GlobalSection(SolutionProperties) = preSolution
		HideSolutionNode = FALSE
	EndGlobalSection
	GlobalSection(ExtensibilityGlobals) = postSolution
		SolutionGuid = {C1F5AFB7-46CC-47A4-9333-442D57A038F2}
	EndGlobalSection
EndGlobal
